// !$*UTF8*$!
{
	archiveVersion = 1;
	classes = {
	};
	objectVersion = 56;
	objects = {

/* Begin PBXBuildFile section */
		8C15A8822A988B5B00B08F9F /* SearchResultsVC.swift in Sources */ = {isa = PBXBuildFile; fileRef = 8C15A8812A988B5B00B08F9F /* SearchResultsVC.swift */; };
		8C2517EA2A9629210066057E /* HeroHeaderView.swift in Sources */ = {isa = PBXBuildFile; fileRef = 8C2517E92A9629210066057E /* HeroHeaderView.swift */; };
		8C2C2AD22A95CC2200C5AEE0 /* CollectionViewTableViewCell.swift in Sources */ = {isa = PBXBuildFile; fileRef = 8C2C2AD12A95CC2200C5AEE0 /* CollectionViewTableViewCell.swift */; };
		8C5088712A9765100023E890 /* Constants.swift in Sources */ = {isa = PBXBuildFile; fileRef = 8C5088702A9765100023E890 /* Constants.swift */; };
		8C5088732A97685C0023E890 /* TitleCollectionViewCell.swift in Sources */ = {isa = PBXBuildFile; fileRef = 8C5088722A97685C0023E890 /* TitleCollectionViewCell.swift */; };
		8C561D302A9781E9004D9DEA /* SDWebImage in Frameworks */ = {isa = PBXBuildFile; productRef = 8C561D2F2A9781E9004D9DEA /* SDWebImage */; };
		8C561D322A9781E9004D9DEA /* SDWebImageMapKit in Frameworks */ = {isa = PBXBuildFile; productRef = 8C561D312A9781E9004D9DEA /* SDWebImageMapKit */; };
		8C769F0C2A98778000BE21D5 /* TitleTableViewCell.swift in Sources */ = {isa = PBXBuildFile; fileRef = 8C769F0B2A98778000BE21D5 /* TitleTableViewCell.swift */; };
		8C769F0E2A987B0100BE21D5 /* TitleViewModel.swift in Sources */ = {isa = PBXBuildFile; fileRef = 8C769F0D2A987B0100BE21D5 /* TitleViewModel.swift */; };
		8C93B7802A98FEE800B3842A /* DataPersistanceManager.swift in Sources */ = {isa = PBXBuildFile; fileRef = 8C93B77F2A98FEE800B3842A /* DataPersistanceManager.swift */; };
		8C9497712A98FC4800405FCC /* NetflixCloneModel.xcdatamodeld in Sources */ = {isa = PBXBuildFile; fileRef = 8C94976F2A98FC4800405FCC /* NetflixCloneModel.xcdatamodeld */; };
		8CAC2A6A2A9726CE00EA56C5 /* APICaller.swift in Sources */ = {isa = PBXBuildFile; fileRef = 8CAC2A692A9726CE00EA56C5 /* APICaller.swift */; };
		8CAC2A6C2A972AF100EA56C5 /* Title.swift in Sources */ = {isa = PBXBuildFile; fileRef = 8CAC2A6B2A972AF100EA56C5 /* Title.swift */; };
		8CBAB11E2A98B3BD00E6D99B /* YouTubeSearchResponse.swift in Sources */ = {isa = PBXBuildFile; fileRef = 8CBAB11D2A98B3BD00E6D99B /* YouTubeSearchResponse.swift */; };
		8CC7565E2A98D93000DABBCE /* TitlePreviewVC.swift in Sources */ = {isa = PBXBuildFile; fileRef = 8CC7565D2A98D93000DABBCE /* TitlePreviewVC.swift */; };
		8CC756602A98DD9C00DABBCE /* TitlePreviewViewModel.swift in Sources */ = {isa = PBXBuildFile; fileRef = 8CC7565F2A98DD9C00DABBCE /* TitlePreviewViewModel.swift */; };
		8CE36DDF2A97429F008E15DB /* Extensions.swift in Sources */ = {isa = PBXBuildFile; fileRef = 8CE36DDE2A97429F008E15DB /* Extensions.swift */; };
		8CEA13A32A95BA6D0021C7CB /* AppDelegate.swift in Sources */ = {isa = PBXBuildFile; fileRef = 8CEA13A22A95BA6D0021C7CB /* AppDelegate.swift */; };
		8CEA13A52A95BA6D0021C7CB /* SceneDelegate.swift in Sources */ = {isa = PBXBuildFile; fileRef = 8CEA13A42A95BA6D0021C7CB /* SceneDelegate.swift */; };
		8CEA13A72A95BA6D0021C7CB /* MainTabBarVC.swift in Sources */ = {isa = PBXBuildFile; fileRef = 8CEA13A62A95BA6D0021C7CB /* MainTabBarVC.swift */; };
		8CEA13AC2A95BA6E0021C7CB /* Assets.xcassets in Resources */ = {isa = PBXBuildFile; fileRef = 8CEA13AB2A95BA6E0021C7CB /* Assets.xcassets */; };
		8CEA13AF2A95BA6E0021C7CB /* LaunchScreen.storyboard in Resources */ = {isa = PBXBuildFile; fileRef = 8CEA13AD2A95BA6E0021C7CB /* LaunchScreen.storyboard */; };
		8CEA13B82A95BC930021C7CB /* HomeVC.swift in Sources */ = {isa = PBXBuildFile; fileRef = 8CEA13B72A95BC930021C7CB /* HomeVC.swift */; };
		8CEA13BA2A95BCC70021C7CB /* UpcomingVC.swift in Sources */ = {isa = PBXBuildFile; fileRef = 8CEA13B92A95BCC70021C7CB /* UpcomingVC.swift */; };
		8CEA13BC2A95BCDB0021C7CB /* SearchVC.swift in Sources */ = {isa = PBXBuildFile; fileRef = 8CEA13BB2A95BCDB0021C7CB /* SearchVC.swift */; };
		8CEA13BE2A95BCF30021C7CB /* DownloadsVC.swift in Sources */ = {isa = PBXBuildFile; fileRef = 8CEA13BD2A95BCF30021C7CB /* DownloadsVC.swift */; };
/* End PBXBuildFile section */

/* Begin PBXFileReference section */
		8C15A8812A988B5B00B08F9F /* SearchResultsVC.swift */ = {isa = PBXFileReference; lastKnownFileType = sourcecode.swift; path = SearchResultsVC.swift; sourceTree = "<group>"; };
		8C2517E92A9629210066057E /* HeroHeaderView.swift */ = {isa = PBXFileReference; lastKnownFileType = sourcecode.swift; path = HeroHeaderView.swift; sourceTree = "<group>"; };
		8C2C2AD12A95CC2200C5AEE0 /* CollectionViewTableViewCell.swift */ = {isa = PBXFileReference; lastKnownFileType = sourcecode.swift; path = CollectionViewTableViewCell.swift; sourceTree = "<group>"; };
		8C5088702A9765100023E890 /* Constants.swift */ = {isa = PBXFileReference; lastKnownFileType = sourcecode.swift; path = Constants.swift; sourceTree = "<group>"; };
		8C5088722A97685C0023E890 /* TitleCollectionViewCell.swift */ = {isa = PBXFileReference; lastKnownFileType = sourcecode.swift; path = TitleCollectionViewCell.swift; sourceTree = "<group>"; };
		8C769F0B2A98778000BE21D5 /* TitleTableViewCell.swift */ = {isa = PBXFileReference; lastKnownFileType = sourcecode.swift; path = TitleTableViewCell.swift; sourceTree = "<group>"; };
		8C769F0D2A987B0100BE21D5 /* TitleViewModel.swift */ = {isa = PBXFileReference; lastKnownFileType = sourcecode.swift; path = TitleViewModel.swift; sourceTree = "<group>"; };
		8C93B77F2A98FEE800B3842A /* DataPersistanceManager.swift */ = {isa = PBXFileReference; lastKnownFileType = sourcecode.swift; path = DataPersistanceManager.swift; sourceTree = "<group>"; };
		8C9497702A98FC4800405FCC /* NetflixCloneModel.xcdatamodel */ = {isa = PBXFileReference; lastKnownFileType = wrapper.xcdatamodel; path = NetflixCloneModel.xcdatamodel; sourceTree = "<group>"; };
		8CAC2A692A9726CE00EA56C5 /* APICaller.swift */ = {isa = PBXFileReference; lastKnownFileType = sourcecode.swift; path = APICaller.swift; sourceTree = "<group>"; };
		8CAC2A6B2A972AF100EA56C5 /* Title.swift */ = {isa = PBXFileReference; lastKnownFileType = sourcecode.swift; path = Title.swift; sourceTree = "<group>"; };
		8CBAB11D2A98B3BD00E6D99B /* YouTubeSearchResponse.swift */ = {isa = PBXFileReference; lastKnownFileType = sourcecode.swift; path = YouTubeSearchResponse.swift; sourceTree = "<group>"; };
		8CC7565D2A98D93000DABBCE /* TitlePreviewVC.swift */ = {isa = PBXFileReference; lastKnownFileType = sourcecode.swift; path = TitlePreviewVC.swift; sourceTree = "<group>"; };
		8CC7565F2A98DD9C00DABBCE /* TitlePreviewViewModel.swift */ = {isa = PBXFileReference; lastKnownFileType = sourcecode.swift; path = TitlePreviewViewModel.swift; sourceTree = "<group>"; };
		8CE36DDE2A97429F008E15DB /* Extensions.swift */ = {isa = PBXFileReference; lastKnownFileType = sourcecode.swift; path = Extensions.swift; sourceTree = "<group>"; };
		8CEA139F2A95BA6D0021C7CB /* Netflix Clone.app */ = {isa = PBXFileReference; explicitFileType = wrapper.application; includeInIndex = 0; path = "Netflix Clone.app"; sourceTree = BUILT_PRODUCTS_DIR; };
		8CEA13A22A95BA6D0021C7CB /* AppDelegate.swift */ = {isa = PBXFileReference; lastKnownFileType = sourcecode.swift; path = AppDelegate.swift; sourceTree = "<group>"; };
		8CEA13A42A95BA6D0021C7CB /* SceneDelegate.swift */ = {isa = PBXFileReference; lastKnownFileType = sourcecode.swift; path = SceneDelegate.swift; sourceTree = "<group>"; };
		8CEA13A62A95BA6D0021C7CB /* MainTabBarVC.swift */ = {isa = PBXFileReference; lastKnownFileType = sourcecode.swift; path = MainTabBarVC.swift; sourceTree = "<group>"; };
		8CEA13AB2A95BA6E0021C7CB /* Assets.xcassets */ = {isa = PBXFileReference; lastKnownFileType = folder.assetcatalog; path = Assets.xcassets; sourceTree = "<group>"; };
		8CEA13AE2A95BA6E0021C7CB /* Base */ = {isa = PBXFileReference; lastKnownFileType = file.storyboard; name = Base; path = Base.lproj/LaunchScreen.storyboard; sourceTree = "<group>"; };
		8CEA13B02A95BA6E0021C7CB /* Info.plist */ = {isa = PBXFileReference; lastKnownFileType = text.plist.xml; path = Info.plist; sourceTree = "<group>"; };
		8CEA13B72A95BC930021C7CB /* HomeVC.swift */ = {isa = PBXFileReference; lastKnownFileType = sourcecode.swift; path = HomeVC.swift; sourceTree = "<group>"; };
		8CEA13B92A95BCC70021C7CB /* UpcomingVC.swift */ = {isa = PBXFileReference; lastKnownFileType = sourcecode.swift; path = UpcomingVC.swift; sourceTree = "<group>"; };
		8CEA13BB2A95BCDB0021C7CB /* SearchVC.swift */ = {isa = PBXFileReference; lastKnownFileType = sourcecode.swift; path = SearchVC.swift; sourceTree = "<group>"; };
		8CEA13BD2A95BCF30021C7CB /* DownloadsVC.swift */ = {isa = PBXFileReference; lastKnownFileType = sourcecode.swift; path = DownloadsVC.swift; sourceTree = "<group>"; };
/* End PBXFileReference section */

/* Begin PBXFrameworksBuildPhase section */
		8CEA139C2A95BA6D0021C7CB /* Frameworks */ = {
			isa = PBXFrameworksBuildPhase;
			buildActionMask = 2147483647;
			files = (
				8C561D322A9781E9004D9DEA /* SDWebImageMapKit in Frameworks */,
				8C561D302A9781E9004D9DEA /* SDWebImage in Frameworks */,
			);
			runOnlyForDeploymentPostprocessing = 0;
		};
/* End PBXFrameworksBuildPhase section */

/* Begin PBXGroup section */
		8C15A8832A988B8E00B08F9F /* Core */ = {
			isa = PBXGroup;
			children = (
				8CEA13B72A95BC930021C7CB /* HomeVC.swift */,
				8CEA13B92A95BCC70021C7CB /* UpcomingVC.swift */,
				8CEA13BB2A95BCDB0021C7CB /* SearchVC.swift */,
				8CEA13BD2A95BCF30021C7CB /* DownloadsVC.swift */,
				8CEA13A62A95BA6D0021C7CB /* MainTabBarVC.swift */,
			);
			path = Core;
			sourceTree = "<group>";
		};
		8C15A8842A988BAC00B08F9F /* General */ = {
			isa = PBXGroup;
			children = (
				8C15A8812A988B5B00B08F9F /* SearchResultsVC.swift */,
				8CC7565D2A98D93000DABBCE /* TitlePreviewVC.swift */,
			);
			path = General;
			sourceTree = "<group>";
		};
		8C2C2ACC2A95CBBA00C5AEE0 /* Views */ = {
			isa = PBXGroup;
			children = (
				8C2C2AD12A95CC2200C5AEE0 /* CollectionViewTableViewCell.swift */,
				8C2517E92A9629210066057E /* HeroHeaderView.swift */,
				8C5088722A97685C0023E890 /* TitleCollectionViewCell.swift */,
				8C769F0B2A98778000BE21D5 /* TitleTableViewCell.swift */,
			);
			path = Views;
			sourceTree = "<group>";
		};
		8C2C2ACD2A95CBC000C5AEE0 /* ViewModels */ = {
			isa = PBXGroup;
			children = (
				8C769F0D2A987B0100BE21D5 /* TitleViewModel.swift */,
				8CC7565F2A98DD9C00DABBCE /* TitlePreviewViewModel.swift */,
			);
			path = ViewModels;
			sourceTree = "<group>";
		};
		8C2C2ACE2A95CBD000C5AEE0 /* Models */ = {
			isa = PBXGroup;
			children = (
				8CAC2A6B2A972AF100EA56C5 /* Title.swift */,
				8CBAB11D2A98B3BD00E6D99B /* YouTubeSearchResponse.swift */,
			);
			path = Models;
			sourceTree = "<group>";
		};
		8C2C2ACF2A95CBE200C5AEE0 /* Resources */ = {
			isa = PBXGroup;
			children = (
				8CE36DDE2A97429F008E15DB /* Extensions.swift */,
				8C5088702A9765100023E890 /* Constants.swift */,
				8CEA13A22A95BA6D0021C7CB /* AppDelegate.swift */,
				8CEA13A42A95BA6D0021C7CB /* SceneDelegate.swift */,
			);
			path = Resources;
			sourceTree = "<group>";
		};
		8C2C2AD02A95CBEE00C5AEE0 /* Managers */ = {
			isa = PBXGroup;
			children = (
				8CAC2A692A9726CE00EA56C5 /* APICaller.swift */,
				8C93B77F2A98FEE800B3842A /* DataPersistanceManager.swift */,
			);
			path = Managers;
			sourceTree = "<group>";
		};
		8CEA13962A95BA6D0021C7CB = {
			isa = PBXGroup;
			children = (
				8CEA13A12A95BA6D0021C7CB /* Netflix Clone */,
				8CEA13A02A95BA6D0021C7CB /* Products */,
			);
			sourceTree = "<group>";
		};
		8CEA13A02A95BA6D0021C7CB /* Products */ = {
			isa = PBXGroup;
			children = (
				8CEA139F2A95BA6D0021C7CB /* Netflix Clone.app */,
			);
			name = Products;
			sourceTree = "<group>";
		};
		8CEA13A12A95BA6D0021C7CB /* Netflix Clone */ = {
			isa = PBXGroup;
			children = (
				8C2C2AD02A95CBEE00C5AEE0 /* Managers */,
				8C2C2ACF2A95CBE200C5AEE0 /* Resources */,
				8C2C2ACE2A95CBD000C5AEE0 /* Models */,
				8C2C2ACD2A95CBC000C5AEE0 /* ViewModels */,
				8C2C2ACC2A95CBBA00C5AEE0 /* Views */,
				8CEA13B62A95BC780021C7CB /* Controllers */,
				8CEA13AB2A95BA6E0021C7CB /* Assets.xcassets */,
				8CEA13AD2A95BA6E0021C7CB /* LaunchScreen.storyboard */,
				8CEA13B02A95BA6E0021C7CB /* Info.plist */,
				8C94976F2A98FC4800405FCC /* NetflixCloneModel.xcdatamodeld */,
			);
			path = "Netflix Clone";
			sourceTree = "<group>";
		};
		8CEA13B62A95BC780021C7CB /* Controllers */ = {
			isa = PBXGroup;
			children = (
				8C15A8842A988BAC00B08F9F /* General */,
				8C15A8832A988B8E00B08F9F /* Core */,
			);
			path = Controllers;
			sourceTree = "<group>";
		};
/* End PBXGroup section */

/* Begin PBXNativeTarget section */
		8CEA139E2A95BA6D0021C7CB /* Netflix Clone */ = {
			isa = PBXNativeTarget;
			buildConfigurationList = 8CEA13B32A95BA6E0021C7CB /* Build configuration list for PBXNativeTarget "Netflix Clone" */;
			buildPhases = (
				8CEA139B2A95BA6D0021C7CB /* Sources */,
				8CEA139C2A95BA6D0021C7CB /* Frameworks */,
				8CEA139D2A95BA6D0021C7CB /* Resources */,
			);
			buildRules = (
			);
			dependencies = (
			);
			name = "Netflix Clone";
			packageProductDependencies = (
				8C561D2F2A9781E9004D9DEA /* SDWebImage */,
				8C561D312A9781E9004D9DEA /* SDWebImageMapKit */,
			);
			productName = "Netflix Clone";
			productReference = 8CEA139F2A95BA6D0021C7CB /* Netflix Clone.app */;
			productType = "com.apple.product-type.application";
		};
/* End PBXNativeTarget section */

/* Begin PBXProject section */
		8CEA13972A95BA6D0021C7CB /* Project object */ = {
			isa = PBXProject;
			attributes = {
				BuildIndependentTargetsInParallel = 1;
				LastSwiftUpdateCheck = 1430;
				LastUpgradeCheck = 1430;
				TargetAttributes = {
					8CEA139E2A95BA6D0021C7CB = {
						CreatedOnToolsVersion = 14.3.1;
					};
				};
			};
			buildConfigurationList = 8CEA139A2A95BA6D0021C7CB /* Build configuration list for PBXProject "Netflix Clone" */;
			compatibilityVersion = "Xcode 14.0";
			developmentRegion = en;
			hasScannedForEncodings = 0;
			knownRegions = (
				en,
				Base,
			);
			mainGroup = 8CEA13962A95BA6D0021C7CB;
			packageReferences = (
				8C561D2E2A9781E9004D9DEA /* XCRemoteSwiftPackageReference "SDWebImage" */,
			);
			productRefGroup = 8CEA13A02A95BA6D0021C7CB /* Products */;
			projectDirPath = "";
			projectRoot = "";
			targets = (
				8CEA139E2A95BA6D0021C7CB /* Netflix Clone */,
			);
		};
/* End PBXProject section */

/* Begin PBXResourcesBuildPhase section */
		8CEA139D2A95BA6D0021C7CB /* Resources */ = {
			isa = PBXResourcesBuildPhase;
			buildActionMask = 2147483647;
			files = (
				8CEA13AF2A95BA6E0021C7CB /* LaunchScreen.storyboard in Resources */,
				8CEA13AC2A95BA6E0021C7CB /* Assets.xcassets in Resources */,
			);
			runOnlyForDeploymentPostprocessing = 0;
		};
/* End PBXResourcesBuildPhase section */

/* Begin PBXSourcesBuildPhase section */
		8CEA139B2A95BA6D0021C7CB /* Sources */ = {
			isa = PBXSourcesBuildPhase;
			buildActionMask = 2147483647;
			files = (
				8C15A8822A988B5B00B08F9F /* SearchResultsVC.swift in Sources */,
				8C93B7802A98FEE800B3842A /* DataPersistanceManager.swift in Sources */,
				8CEA13BC2A95BCDB0021C7CB /* SearchVC.swift in Sources */,
				8CEA13A72A95BA6D0021C7CB /* MainTabBarVC.swift in Sources */,
				8C2C2AD22A95CC2200C5AEE0 /* CollectionViewTableViewCell.swift in Sources */,
				8CAC2A6A2A9726CE00EA56C5 /* APICaller.swift in Sources */,
				8CEA13B82A95BC930021C7CB /* HomeVC.swift in Sources */,
				8C2517EA2A9629210066057E /* HeroHeaderView.swift in Sources */,
				8CEA13A32A95BA6D0021C7CB /* AppDelegate.swift in Sources */,
				8C5088732A97685C0023E890 /* TitleCollectionViewCell.swift in Sources */,
				8CC7565E2A98D93000DABBCE /* TitlePreviewVC.swift in Sources */,
				8C5088712A9765100023E890 /* Constants.swift in Sources */,
				8CE36DDF2A97429F008E15DB /* Extensions.swift in Sources */,
				8C769F0C2A98778000BE21D5 /* TitleTableViewCell.swift in Sources */,
				8CEA13BE2A95BCF30021C7CB /* DownloadsVC.swift in Sources */,
				8CEA13BA2A95BCC70021C7CB /* UpcomingVC.swift in Sources */,
				8C9497712A98FC4800405FCC /* NetflixCloneModel.xcdatamodeld in Sources */,
				8C769F0E2A987B0100BE21D5 /* TitleViewModel.swift in Sources */,
				8CAC2A6C2A972AF100EA56C5 /* Title.swift in Sources */,
				8CBAB11E2A98B3BD00E6D99B /* YouTubeSearchResponse.swift in Sources */,
				8CC756602A98DD9C00DABBCE /* TitlePreviewViewModel.swift in Sources */,
				8CEA13A52A95BA6D0021C7CB /* SceneDelegate.swift in Sources */,
			);
			runOnlyForDeploymentPostprocessing = 0;
		};
/* End PBXSourcesBuildPhase section */

/* Begin PBXVariantGroup section */
		8CEA13AD2A95BA6E0021C7CB /* LaunchScreen.storyboard */ = {
			isa = PBXVariantGroup;
			children = (
				8CEA13AE2A95BA6E0021C7CB /* Base */,
			);
			name = LaunchScreen.storyboard;
			sourceTree = "<group>";
		};
/* End PBXVariantGroup section */

/* Begin XCBuildConfiguration section */
		8CEA13B12A95BA6E0021C7CB /* Debug */ = {
			isa = XCBuildConfiguration;
			buildSettings = {
				ALWAYS_SEARCH_USER_PATHS = NO;
				CLANG_ANALYZER_NONNULL = YES;
				CLANG_ANALYZER_NUMBER_OBJECT_CONVERSION = YES_AGGRESSIVE;
				CLANG_CXX_LANGUAGE_STANDARD = "gnu++20";
				CLANG_ENABLE_MODULES = YES;
				CLANG_ENABLE_OBJC_ARC = YES;
				CLANG_ENABLE_OBJC_WEAK = YES;
				CLANG_WARN_BLOCK_CAPTURE_AUTORELEASING = YES;
				CLANG_WARN_BOOL_CONVERSION = YES;
				CLANG_WARN_COMMA = YES;
				CLANG_WARN_CONSTANT_CONVERSION = YES;
				CLANG_WARN_DEPRECATED_OBJC_IMPLEMENTATIONS = YES;
				CLANG_WARN_DIRECT_OBJC_ISA_USAGE = YES_ERROR;
				CLANG_WARN_DOCUMENTATION_COMMENTS = YES;
				CLANG_WARN_EMPTY_BODY = YES;
				CLANG_WARN_ENUM_CONVERSION = YES;
				CLANG_WARN_INFINITE_RECURSION = YES;
				CLANG_WARN_INT_CONVERSION = YES;
				CLANG_WARN_NON_LITERAL_NULL_CONVERSION = YES;
				CLANG_WARN_OBJC_IMPLICIT_RETAIN_SELF = YES;
				CLANG_WARN_OBJC_LITERAL_CONVERSION = YES;
				CLANG_WARN_OBJC_ROOT_CLASS = YES_ERROR;
				CLANG_WARN_QUOTED_INCLUDE_IN_FRAMEWORK_HEADER = YES;
				CLANG_WARN_RANGE_LOOP_ANALYSIS = YES;
				CLANG_WARN_STRICT_PROTOTYPES = YES;
				CLANG_WARN_SUSPICIOUS_MOVE = YES;
				CLANG_WARN_UNGUARDED_AVAILABILITY = YES_AGGRESSIVE;
				CLANG_WARN_UNREACHABLE_CODE = YES;
				CLANG_WARN__DUPLICATE_METHOD_MATCH = YES;
				COPY_PHASE_STRIP = NO;
				DEBUG_INFORMATION_FORMAT = dwarf;
				ENABLE_STRICT_OBJC_MSGSEND = YES;
				ENABLE_TESTABILITY = YES;
				GCC_C_LANGUAGE_STANDARD = gnu11;
				GCC_DYNAMIC_NO_PIC = NO;
				GCC_NO_COMMON_BLOCKS = YES;
				GCC_OPTIMIZATION_LEVEL = 0;
				GCC_PREPROCESSOR_DEFINITIONS = (
					"DEBUG=1",
					"$(inherited)",
				);
				GCC_WARN_64_TO_32_BIT_CONVERSION = YES;
				GCC_WARN_ABOUT_RETURN_TYPE = YES_ERROR;
				GCC_WARN_UNDECLARED_SELECTOR = YES;
				GCC_WARN_UNINITIALIZED_AUTOS = YES_AGGRESSIVE;
				GCC_WARN_UNUSED_FUNCTION = YES;
				GCC_WARN_UNUSED_VARIABLE = YES;
				IPHONEOS_DEPLOYMENT_TARGET = 16.4;
				MTL_ENABLE_DEBUG_INFO = INCLUDE_SOURCE;
				MTL_FAST_MATH = YES;
				ONLY_ACTIVE_ARCH = YES;
				SDKROOT = iphoneos;
				SWIFT_ACTIVE_COMPILATION_CONDITIONS = DEBUG;
				SWIFT_OPTIMIZATION_LEVEL = "-Onone";
			};
			name = Debug;
		};
		8CEA13B22A95BA6E0021C7CB /* Release */ = {
			isa = XCBuildConfiguration;
			buildSettings = {
				ALWAYS_SEARCH_USER_PATHS = NO;
				CLANG_ANALYZER_NONNULL = YES;
				CLANG_ANALYZER_NUMBER_OBJECT_CONVERSION = YES_AGGRESSIVE;
				CLANG_CXX_LANGUAGE_STANDARD = "gnu++20";
				CLANG_ENABLE_MODULES = YES;
				CLANG_ENABLE_OBJC_ARC = YES;
				CLANG_ENABLE_OBJC_WEAK = YES;
				CLANG_WARN_BLOCK_CAPTURE_AUTORELEASING = YES;
				CLANG_WARN_BOOL_CONVERSION = YES;
				CLANG_WARN_COMMA = YES;
				CLANG_WARN_CONSTANT_CONVERSION = YES;
				CLANG_WARN_DEPRECATED_OBJC_IMPLEMENTATIONS = YES;
				CLANG_WARN_DIRECT_OBJC_ISA_USAGE = YES_ERROR;
				CLANG_WARN_DOCUMENTATION_COMMENTS = YES;
				CLANG_WARN_EMPTY_BODY = YES;
				CLANG_WARN_ENUM_CONVERSION = YES;
				CLANG_WARN_INFINITE_RECURSION = YES;
				CLANG_WARN_INT_CONVERSION = YES;
				CLANG_WARN_NON_LITERAL_NULL_CONVERSION = YES;
				CLANG_WARN_OBJC_IMPLICIT_RETAIN_SELF = YES;
				CLANG_WARN_OBJC_LITERAL_CONVERSION = YES;
				CLANG_WARN_OBJC_ROOT_CLASS = YES_ERROR;
				CLANG_WARN_QUOTED_INCLUDE_IN_FRAMEWORK_HEADER = YES;
				CLANG_WARN_RANGE_LOOP_ANALYSIS = YES;
				CLANG_WARN_STRICT_PROTOTYPES = YES;
				CLANG_WARN_SUSPICIOUS_MOVE = YES;
				CLANG_WARN_UNGUARDED_AVAILABILITY = YES_AGGRESSIVE;
				CLANG_WARN_UNREACHABLE_CODE = YES;
				CLANG_WARN__DUPLICATE_METHOD_MATCH = YES;
				COPY_PHASE_STRIP = NO;
				DEBUG_INFORMATION_FORMAT = "dwarf-with-dsym";
				ENABLE_NS_ASSERTIONS = NO;
				ENABLE_STRICT_OBJC_MSGSEND = YES;
				GCC_C_LANGUAGE_STANDARD = gnu11;
				GCC_NO_COMMON_BLOCKS = YES;
				GCC_WARN_64_TO_32_BIT_CONVERSION = YES;
				GCC_WARN_ABOUT_RETURN_TYPE = YES_ERROR;
				GCC_WARN_UNDECLARED_SELECTOR = YES;
				GCC_WARN_UNINITIALIZED_AUTOS = YES_AGGRESSIVE;
				GCC_WARN_UNUSED_FUNCTION = YES;
				GCC_WARN_UNUSED_VARIABLE = YES;
				IPHONEOS_DEPLOYMENT_TARGET = 16.4;
				MTL_ENABLE_DEBUG_INFO = NO;
				MTL_FAST_MATH = YES;
				SDKROOT = iphoneos;
				SWIFT_COMPILATION_MODE = wholemodule;
				SWIFT_OPTIMIZATION_LEVEL = "-O";
				VALIDATE_PRODUCT = YES;
			};
			name = Release;
		};
		8CEA13B42A95BA6E0021C7CB /* Debug */ = {
			isa = XCBuildConfiguration;
			buildSettings = {
				ASSETCATALOG_COMPILER_APPICON_NAME = AppIcon;
				ASSETCATALOG_COMPILER_GLOBAL_ACCENT_COLOR_NAME = AccentColor;
				CODE_SIGN_STYLE = Automatic;
				CURRENT_PROJECT_VERSION = 1;
				DEVELOPMENT_TEAM = L7D5MM5SF3;
				GENERATE_INFOPLIST_FILE = YES;
				INFOPLIST_FILE = "Netflix Clone/Info.plist";
				INFOPLIST_KEY_UIApplicationSupportsIndirectInputEvents = YES;
				INFOPLIST_KEY_UILaunchStoryboardName = LaunchScreen;
				INFOPLIST_KEY_UISupportedInterfaceOrientations_iPad = "UIInterfaceOrientationPortrait UIInterfaceOrientationPortraitUpsideDown UIInterfaceOrientationLandscapeLeft UIInterfaceOrientationLandscapeRight";
				INFOPLIST_KEY_UISupportedInterfaceOrientations_iPhone = "UIInterfaceOrientationPortrait UIInterfaceOrientationLandscapeLeft UIInterfaceOrientationLandscapeRight";
				IPHONEOS_DEPLOYMENT_TARGET = 13.0;
				LD_RUNPATH_SEARCH_PATHS = (
					"$(inherited)",
					"@executable_path/Frameworks",
				);
				MARKETING_VERSION = 1.0;
				PRODUCT_BUNDLE_IDENTIFIER = "com.UygunTursunov.Netflix-Clone";
				PRODUCT_NAME = "$(TARGET_NAME)";
				SWIFT_EMIT_LOC_STRINGS = YES;
				SWIFT_VERSION = 5.0;
				TARGETED_DEVICE_FAMILY = "1,2";
			};
			name = Debug;
		};
		8CEA13B52A95BA6E0021C7CB /* Release */ = {
			isa = XCBuildConfiguration;
			buildSettings = {
				ASSETCATALOG_COMPILER_APPICON_NAME = AppIcon;
				ASSETCATALOG_COMPILER_GLOBAL_ACCENT_COLOR_NAME = AccentColor;
				CODE_SIGN_STYLE = Automatic;
				CURRENT_PROJECT_VERSION = 1;
				DEVELOPMENT_TEAM = L7D5MM5SF3;
				GENERATE_INFOPLIST_FILE = YES;
				INFOPLIST_FILE = "Netflix Clone/Info.plist";
				INFOPLIST_KEY_UIApplicationSupportsIndirectInputEvents = YES;
				INFOPLIST_KEY_UILaunchStoryboardName = LaunchScreen;
				INFOPLIST_KEY_UISupportedInterfaceOrientations_iPad = "UIInterfaceOrientationPortrait UIInterfaceOrientationPortraitUpsideDown UIInterfaceOrientationLandscapeLeft UIInterfaceOrientationLandscapeRight";
				INFOPLIST_KEY_UISupportedInterfaceOrientations_iPhone = "UIInterfaceOrientationPortrait UIInterfaceOrientationLandscapeLeft UIInterfaceOrientationLandscapeRight";
				IPHONEOS_DEPLOYMENT_TARGET = 13.0;
				LD_RUNPATH_SEARCH_PATHS = (
					"$(inherited)",
					"@executable_path/Frameworks",
				);
				MARKETING_VERSION = 1.0;
				PRODUCT_BUNDLE_IDENTIFIER = "com.UygunTursunov.Netflix-Clone";
				PRODUCT_NAME = "$(TARGET_NAME)";
				SWIFT_EMIT_LOC_STRINGS = YES;
				SWIFT_VERSION = 5.0;
				TARGETED_DEVICE_FAMILY = "1,2";
			};
			name = Release;
		};
/* End XCBuildConfiguration section */

/* Begin XCConfigurationList section */
		8CEA139A2A95BA6D0021C7CB /* Build configuration list for PBXProject "Netflix Clone" */ = {
			isa = XCConfigurationList;
			buildConfigurations = (
				8CEA13B12A95BA6E0021C7CB /* Debug */,
				8CEA13B22A95BA6E0021C7CB /* Release */,
			);
			defaultConfigurationIsVisible = 0;
			defaultConfigurationName = Release;
		};
		8CEA13B32A95BA6E0021C7CB /* Build configuration list for PBXNativeTarget "Netflix Clone" */ = {
			isa = XCConfigurationList;
			buildConfigurations = (
				8CEA13B42A95BA6E0021C7CB /* Debug */,
				8CEA13B52A95BA6E0021C7CB /* Release */,
			);
			defaultConfigurationIsVisible = 0;
			defaultConfigurationName = Release;
		};
/* End XCConfigurationList section */

/* Begin XCRemoteSwiftPackageReference section */
		8C561D2E2A9781E9004D9DEA /* XCRemoteSwiftPackageReference "SDWebImage" */ = {
			isa = XCRemoteSwiftPackageReference;
			repositoryURL = "https://github.com/SDWebImage/SDWebImage.git";
			requirement = {
				kind = upToNextMajorVersion;
				minimumVersion = 5.0.0;
			};
		};
/* End XCRemoteSwiftPackageReference section */

/* Begin XCSwiftPackageProductDependency section */
		8C561D2F2A9781E9004D9DEA /* SDWebImage */ = {
			isa = XCSwiftPackageProductDependency;
			package = 8C561D2E2A9781E9004D9DEA /* XCRemoteSwiftPackageReference "SDWebImage" */;
			productName = SDWebImage;
		};
		8C561D312A9781E9004D9DEA /* SDWebImageMapKit */ = {
			isa = XCSwiftPackageProductDependency;
			package = 8C561D2E2A9781E9004D9DEA /* XCRemoteSwiftPackageReference "SDWebImage" */;
			productName = SDWebImageMapKit;
		};
/* End XCSwiftPackageProductDependency section */

/* Begin XCVersionGroup section */
		8C94976F2A98FC4800405FCC /* NetflixCloneModel.xcdatamodeld */ = {
			isa = XCVersionGroup;
			children = (
				8C9497702A98FC4800405FCC /* NetflixCloneModel.xcdatamodel */,
			);
			currentVersion = 8C9497702A98FC4800405FCC /* NetflixCloneModel.xcdatamodel */;
			path = NetflixCloneModel.xcdatamodeld;
			sourceTree = "<group>";
			versionGroupType = wrapper.xcdatamodel;
		};
/* End XCVersionGroup section */
	};
	rootObject = 8CEA13972A95BA6D0021C7CB /* Project object */;
}
